# Code generated by scarb DO NOT EDIT.
version = 1

[[package]]
name = "adventurer"
version = "0.1.0"
dependencies = [
 "beasts",
 "combat",
 "loot",
 "market",
 "obstacles",
]

[[package]]
name = "beasts"
version = "0.1.0"
dependencies = [
 "combat",
]

[[package]]
name = "combat"
version = "0.1.0"

[[package]]
name = "game"
version = "0.1.0"
dependencies = [
 "adventurer",
 "loot",
 "market",
 "obstacles",
 "openzeppelin",
 "pragma_lib",
]

[[package]]
name = "loot"
version = "0.1.0"
dependencies = [
 "combat",
]

[[package]]
name = "market"
version = "0.1.0"
dependencies = [
 "combat",
 "loot",
]

[[package]]
name = "obstacles"
version = "0.1.0"
dependencies = [
 "combat",
]

[[package]]
name = "openzeppelin"
version = "0.13.0"
source = "git+https://github.com/OpenZeppelin/cairo-contracts.git?tag=v0.13.0#978b4e75209da355667d8954d2450e32bd71fe49"

[[package]]
name = "pragma_lib"
version = "1.0.0"
source = "git+https://github.com/astraly-labs/pragma-lib#fe9a46743254182ac331da488ccfc05e0185cdd0"
