# Code generated by scarb DO NOT EDIT.
version = 1

[[package]]
name = "adventurer"
version = "0.1.0"
dependencies = [
 "beasts",
 "combat",
 "loot",
 "market",
 "obstacles",
]

[[package]]
name = "arcade_account"
version = "0.1.0"
source = "git+https://github.com/BibliothecaDAO/arcade-account?branch=next#cb3a3c9ca4e56c0fcc89ec5e273b48e1f9050b5f"
dependencies = [
 "openzeppelin",
]

[[package]]
name = "beasts"
version = "0.1.0"
dependencies = [
 "combat",
]

[[package]]
name = "combat"
version = "0.1.0"

[[package]]
name = "game"
version = "0.1.0"
dependencies = [
 "adventurer",
 "arcade_account",
 "golden_token",
 "loot",
 "market",
 "obstacles",
 "openzeppelin",
 "pragma_lib",
]

[[package]]
name = "golden_token"
version = "0.1.0"
source = "git+https://github.com/BibliothecaDAO/golden-token?branch=next#a9f644453fd097bfe68170f39bed1c8a5d0af73e"
dependencies = [
 "arcade_account",
 "openzeppelin",
]

[[package]]
name = "loot"
version = "0.1.0"
dependencies = [
 "combat",
]

[[package]]
name = "lords"
version = "0.1.0"
dependencies = [
 "openzeppelin",
]

[[package]]
name = "market"
version = "0.1.0"
dependencies = [
 "combat",
 "loot",
]

[[package]]
name = "obstacles"
version = "0.1.0"
dependencies = [
 "combat",
]

[[package]]
name = "openzeppelin"
version = "0.9.0"
source = "git+https://github.com/OpenZeppelin/cairo-contracts.git?tag=v0.9.0#364db5b1aecc1335d2e65db887291d19aa28937d"

[[package]]
name = "pragma_lib"
version = "1.0.0"
source = "git+https://github.com/astraly-labs/pragma-lib#2eca9b70dc505788423da1eedbf2d65563cc3102"
