# Code generated by scarb DO NOT EDIT.
version = 1

[[package]]
name = "arcade_account"
version = "0.1.0"
source = "git+https://github.com/BibliothecaDAO/arcade-account?branch=next#cb3a3c9ca4e56c0fcc89ec5e273b48e1f9050b5f"
dependencies = [
 "openzeppelin",
]

[[package]]
name = "beasts"
version = "0.1.0"
dependencies = [
 "combat",
]

[[package]]
name = "combat"
version = "0.1.0"

[[package]]
name = "game"
version = "0.1.0"
dependencies = [
 "arcade_account",
 "game_entropy",
 "game_snapshot",
 "golden_token",
 "lootitems",
 "market",
 "obstacles",
 "openzeppelin",
 "survivor",
]

[[package]]
name = "game_entropy"
version = "0.1.0"

[[package]]
name = "game_snapshot"
version = "0.1.0"

[[package]]
name = "golden_token"
version = "0.1.0"
source = "git+https://github.com/BibliothecaDAO/golden-token?branch=next#a9f644453fd097bfe68170f39bed1c8a5d0af73e"
dependencies = [
 "arcade_account",
 "openzeppelin",
]

[[package]]
name = "lootitems"
version = "0.1.0"
dependencies = [
 "combat",
]

[[package]]
name = "lords"
version = "0.1.0"
dependencies = [
 "openzeppelin",
]

[[package]]
name = "market"
version = "0.1.0"
dependencies = [
 "combat",
 "lootitems",
]

[[package]]
name = "obstacles"
version = "0.1.0"
dependencies = [
 "combat",
]

[[package]]
name = "openzeppelin"
version = "0.9.0"
source = "git+https://github.com/OpenZeppelin/cairo-contracts.git?tag=v0.9.0#861fc416f87addbe23a3b47f9d19ab27c10d5dc8"

[[package]]
name = "survivor"
version = "0.1.0"
dependencies = [
 "beasts",
 "combat",
 "lootitems",
 "market",
 "obstacles",
]
