# Code generated by scarb DO NOT EDIT.
version = 1

[[package]]
name = "beasts"
version = "0.1.0"
dependencies = [
 "combat",
]

[[package]]
name = "combat"
version = "0.1.0"

[[package]]
name = "loot"
version = "0.1.0"
dependencies = [
 "combat",
]

[[package]]
name = "market"
version = "0.1.0"
dependencies = [
 "combat",
 "loot",
]

[[package]]
name = "obstacles"
version = "0.1.0"
dependencies = [
 "combat",
]

[[package]]
name = "adventurer"
version = "0.1.0"
dependencies = [
 "beasts",
 "combat",
 "loot",
 "market",
 "obstacles",
]
